// !$*UTF8*$!
{
	archiveVersion = 1;
	classes = {
	};
	objectVersion = 50;
	objects = {

/* Begin PBXBuildFile section */
		1954AA7D25E448E700EFFC25 /* AppDelegate.swift in Sources */ = {isa = PBXBuildFile; fileRef = 1954AA7C25E448E700EFFC25 /* AppDelegate.swift */; };
		1954AA7F25E448E700EFFC25 /* SceneDelegate.swift in Sources */ = {isa = PBXBuildFile; fileRef = 1954AA7E25E448E700EFFC25 /* SceneDelegate.swift */; };
		1954AA8125E448E700EFFC25 /* ViewController.swift in Sources */ = {isa = PBXBuildFile; fileRef = 1954AA8025E448E700EFFC25 /* ViewController.swift */; };
		1954AA8425E448E700EFFC25 /* Main.storyboard in Resources */ = {isa = PBXBuildFile; fileRef = 1954AA8225E448E700EFFC25 /* Main.storyboard */; };
		1954AA8725E448E700EFFC25 /* deneme3.xcdatamodeld in Sources */ = {isa = PBXBuildFile; fileRef = 1954AA8525E448E700EFFC25 /* deneme3.xcdatamodeld */; };
		1954AA8925E448E900EFFC25 /* Assets.xcassets in Resources */ = {isa = PBXBuildFile; fileRef = 1954AA8825E448E900EFFC25 /* Assets.xcassets */; };
		1954AA8C25E448E900EFFC25 /* LaunchScreen.storyboard in Resources */ = {isa = PBXBuildFile; fileRef = 1954AA8A25E448E900EFFC25 /* LaunchScreen.storyboard */; };
		1954AA9725E448E900EFFC25 /* deneme3Tests.swift in Sources */ = {isa = PBXBuildFile; fileRef = 1954AA9625E448E900EFFC25 /* deneme3Tests.swift */; };
		1954AAA225E448E900EFFC25 /* deneme3UITests.swift in Sources */ = {isa = PBXBuildFile; fileRef = 1954AAA125E448E900EFFC25 /* deneme3UITests.swift */; };
		197DD13625E510C90097AF8D /* tablevc.swift in Sources */ = {isa = PBXBuildFile; fileRef = 197DD13525E510C90097AF8D /* tablevc.swift */; };
		19DF4D0C25E6E05000F15AE5 /* denemeler.swift in Sources */ = {isa = PBXBuildFile; fileRef = 19DF4D0B25E6E05000F15AE5 /* denemeler.swift */; };
/* End PBXBuildFile section */

/* Begin PBXContainerItemProxy section */
		1954AA9325E448E900EFFC25 /* PBXContainerItemProxy */ = {
			isa = PBXContainerItemProxy;
			containerPortal = 1954AA7125E448E700EFFC25 /* Project object */;
			proxyType = 1;
			remoteGlobalIDString = 1954AA7825E448E700EFFC25;
			remoteInfo = deneme3;
		};
		1954AA9E25E448E900EFFC25 /* PBXContainerItemProxy */ = {
			isa = PBXContainerItemProxy;
			containerPortal = 1954AA7125E448E700EFFC25 /* Project object */;
			proxyType = 1;
			remoteGlobalIDString = 1954AA7825E448E700EFFC25;
			remoteInfo = deneme3;
		};
/* End PBXContainerItemProxy section */

/* Begin PBXFileReference section */
		1954AA7925E448E700EFFC25 /* deneme3.app */ = {isa = PBXFileReference; explicitFileType = wrapper.application; includeInIndex = 0; path = deneme3.app; sourceTree = BUILT_PRODUCTS_DIR; };
		1954AA7C25E448E700EFFC25 /* AppDelegate.swift */ = {isa = PBXFileReference; lastKnownFileType = sourcecode.swift; path = AppDelegate.swift; sourceTree = "<group>"; };
		1954AA7E25E448E700EFFC25 /* SceneDelegate.swift */ = {isa = PBXFileReference; lastKnownFileType = sourcecode.swift; path = SceneDelegate.swift; sourceTree = "<group>"; };
		1954AA8025E448E700EFFC25 /* ViewController.swift */ = {isa = PBXFileReference; lastKnownFileType = sourcecode.swift; path = ViewController.swift; sourceTree = "<group>"; };
		1954AA8325E448E700EFFC25 /* Base */ = {isa = PBXFileReference; lastKnownFileType = file.storyboard; name = Base; path = Base.lproj/Main.storyboard; sourceTree = "<group>"; };
		1954AA8625E448E700EFFC25 /* deneme3.xcdatamodel */ = {isa = PBXFileReference; lastKnownFileType = wrapper.xcdatamodel; path = deneme3.xcdatamodel; sourceTree = "<group>"; };
		1954AA8825E448E900EFFC25 /* Assets.xcassets */ = {isa = PBXFileReference; lastKnownFileType = folder.assetcatalog; path = Assets.xcassets; sourceTree = "<group>"; };
		1954AA8B25E448E900EFFC25 /* Base */ = {isa = PBXFileReference; lastKnownFileType = file.storyboard; name = Base; path = Base.lproj/LaunchScreen.storyboard; sourceTree = "<group>"; };
		1954AA8D25E448E900EFFC25 /* Info.plist */ = {isa = PBXFileReference; lastKnownFileType = text.plist.xml; path = Info.plist; sourceTree = "<group>"; };
		1954AA9225E448E900EFFC25 /* deneme3Tests.xctest */ = {isa = PBXFileReference; explicitFileType = wrapper.cfbundle; includeInIndex = 0; path = deneme3Tests.xctest; sourceTree = BUILT_PRODUCTS_DIR; };
		1954AA9625E448E900EFFC25 /* deneme3Tests.swift */ = {isa = PBXFileReference; lastKnownFileType = sourcecode.swift; path = deneme3Tests.swift; sourceTree = "<group>"; };
		1954AA9825E448E900EFFC25 /* Info.plist */ = {isa = PBXFileReference; lastKnownFileType = text.plist.xml; path = Info.plist; sourceTree = "<group>"; };
		1954AA9D25E448E900EFFC25 /* deneme3UITests.xctest */ = {isa = PBXFileReference; explicitFileType = wrapper.cfbundle; includeInIndex = 0; path = deneme3UITests.xctest; sourceTree = BUILT_PRODUCTS_DIR; };
		1954AAA125E448E900EFFC25 /* deneme3UITests.swift */ = {isa = PBXFileReference; lastKnownFileType = sourcecode.swift; path = deneme3UITests.swift; sourceTree = "<group>"; };
		1954AAA325E448E900EFFC25 /* Info.plist */ = {isa = PBXFileReference; lastKnownFileType = text.plist.xml; path = Info.plist; sourceTree = "<group>"; };
		197DD13525E510C90097AF8D /* tablevc.swift */ = {isa = PBXFileReference; lastKnownFileType = sourcecode.swift; path = tablevc.swift; sourceTree = "<group>"; };
		19DF4D0B25E6E05000F15AE5 /* denemeler.swift */ = {isa = PBXFileReference; lastKnownFileType = sourcecode.swift; path = denemeler.swift; sourceTree = "<group>"; };
/* End PBXFileReference section */

/* Begin PBXFrameworksBuildPhase section */
		1954AA7625E448E700EFFC25 /* Frameworks */ = {
			isa = PBXFrameworksBuildPhase;
			buildActionMask = 2147483647;
			files = (
			);
			runOnlyForDeploymentPostprocessing = 0;
		};
		1954AA8F25E448E900EFFC25 /* Frameworks */ = {
			isa = PBXFrameworksBuildPhase;
			buildActionMask = 2147483647;
			files = (
			);
			runOnlyForDeploymentPostprocessing = 0;
		};
		1954AA9A25E448E900EFFC25 /* Frameworks */ = {
			isa = PBXFrameworksBuildPhase;
			buildActionMask = 2147483647;
			files = (
			);
			runOnlyForDeploymentPostprocessing = 0;
		};
/* End PBXFrameworksBuildPhase section */

/* Begin PBXGroup section */
		1954AA7025E448E700EFFC25 = {
			isa = PBXGroup;
			children = (
				1954AA7B25E448E700EFFC25 /* deneme3 */,
				1954AA9525E448E900EFFC25 /* deneme3Tests */,
				1954AAA025E448E900EFFC25 /* deneme3UITests */,
				1954AA7A25E448E700EFFC25 /* Products */,
			);
			sourceTree = "<group>";
		};
		1954AA7A25E448E700EFFC25 /* Products */ = {
			isa = PBXGroup;
			children = (
				1954AA7925E448E700EFFC25 /* deneme3.app */,
				1954AA9225E448E900EFFC25 /* deneme3Tests.xctest */,
				1954AA9D25E448E900EFFC25 /* deneme3UITests.xctest */,
			);
			name = Products;
			sourceTree = "<group>";
		};
		1954AA7B25E448E700EFFC25 /* deneme3 */ = {
			isa = PBXGroup;
			children = (
				1954AA7C25E448E700EFFC25 /* AppDelegate.swift */,
				1954AA7E25E448E700EFFC25 /* SceneDelegate.swift */,
				1954AA8025E448E700EFFC25 /* ViewController.swift */,
				1954AA8225E448E700EFFC25 /* Main.storyboard */,
				19DF4D0B25E6E05000F15AE5 /* denemeler.swift */,
				197DD13525E510C90097AF8D /* tablevc.swift */,
				1954AA8825E448E900EFFC25 /* Assets.xcassets */,
				1954AA8A25E448E900EFFC25 /* LaunchScreen.storyboard */,
				1954AA8D25E448E900EFFC25 /* Info.plist */,
				1954AA8525E448E700EFFC25 /* deneme3.xcdatamodeld */,
			);
			path = deneme3;
			sourceTree = "<group>";
		};
		1954AA9525E448E900EFFC25 /* deneme3Tests */ = {
			isa = PBXGroup;
			children = (
				1954AA9625E448E900EFFC25 /* deneme3Tests.swift */,
				1954AA9825E448E900EFFC25 /* Info.plist */,
			);
			path = deneme3Tests;
			sourceTree = "<group>";
		};
		1954AAA025E448E900EFFC25 /* deneme3UITests */ = {
			isa = PBXGroup;
			children = (
				1954AAA125E448E900EFFC25 /* deneme3UITests.swift */,
				1954AAA325E448E900EFFC25 /* Info.plist */,
			);
			path = deneme3UITests;
			sourceTree = "<group>";
		};
/* End PBXGroup section */

/* Begin PBXNativeTarget section */
		1954AA7825E448E700EFFC25 /* deneme3 */ = {
			isa = PBXNativeTarget;
			buildConfigurationList = 1954AAA625E448E900EFFC25 /* Build configuration list for PBXNativeTarget "deneme3" */;
			buildPhases = (
				1954AA7525E448E700EFFC25 /* Sources */,
				1954AA7625E448E700EFFC25 /* Frameworks */,
				1954AA7725E448E700EFFC25 /* Resources */,
			);
			buildRules = (
			);
			dependencies = (
			);
			name = deneme3;
			productName = deneme3;
			productReference = 1954AA7925E448E700EFFC25 /* deneme3.app */;
			productType = "com.apple.product-type.application";
		};
		1954AA9125E448E900EFFC25 /* deneme3Tests */ = {
			isa = PBXNativeTarget;
			buildConfigurationList = 1954AAA925E448E900EFFC25 /* Build configuration list for PBXNativeTarget "deneme3Tests" */;
			buildPhases = (
				1954AA8E25E448E900EFFC25 /* Sources */,
				1954AA8F25E448E900EFFC25 /* Frameworks */,
				1954AA9025E448E900EFFC25 /* Resources */,
			);
			buildRules = (
			);
			dependencies = (
				1954AA9425E448E900EFFC25 /* PBXTargetDependency */,
			);
			name = deneme3Tests;
			productName = deneme3Tests;
			productReference = 1954AA9225E448E900EFFC25 /* deneme3Tests.xctest */;
			productType = "com.apple.product-type.bundle.unit-test";
		};
		1954AA9C25E448E900EFFC25 /* deneme3UITests */ = {
			isa = PBXNativeTarget;
			buildConfigurationList = 1954AAAC25E448E900EFFC25 /* Build configuration list for PBXNativeTarget "deneme3UITests" */;
			buildPhases = (
				1954AA9925E448E900EFFC25 /* Sources */,
				1954AA9A25E448E900EFFC25 /* Frameworks */,
				1954AA9B25E448E900EFFC25 /* Resources */,
			);
			buildRules = (
			);
			dependencies = (
				1954AA9F25E448E900EFFC25 /* PBXTargetDependency */,
			);
			name = deneme3UITests;
			productName = deneme3UITests;
			productReference = 1954AA9D25E448E900EFFC25 /* deneme3UITests.xctest */;
			productType = "com.apple.product-type.bundle.ui-testing";
		};
/* End PBXNativeTarget section */

/* Begin PBXProject section */
		1954AA7125E448E700EFFC25 /* Project object */ = {
			isa = PBXProject;
			attributes = {
				LastSwiftUpdateCheck = 1130;
				LastUpgradeCheck = 1130;
				ORGANIZATIONNAME = "erdem öden";
				TargetAttributes = {
					1954AA7825E448E700EFFC25 = {
						CreatedOnToolsVersion = 11.3.1;
					};
					1954AA9125E448E900EFFC25 = {
						CreatedOnToolsVersion = 11.3.1;
						TestTargetID = 1954AA7825E448E700EFFC25;
					};
					1954AA9C25E448E900EFFC25 = {
						CreatedOnToolsVersion = 11.3.1;
						TestTargetID = 1954AA7825E448E700EFFC25;
					};
				};
			};
			buildConfigurationList = 1954AA7425E448E700EFFC25 /* Build configuration list for PBXProject "deneme3" */;
			compatibilityVersion = "Xcode 9.3";
			developmentRegion = en;
			hasScannedForEncodings = 0;
			knownRegions = (
				en,
				Base,
			);
			mainGroup = 1954AA7025E448E700EFFC25;
			productRefGroup = 1954AA7A25E448E700EFFC25 /* Products */;
			projectDirPath = "";
			projectRoot = "";
			targets = (
				1954AA7825E448E700EFFC25 /* deneme3 */,
				1954AA9125E448E900EFFC25 /* deneme3Tests */,
				1954AA9C25E448E900EFFC25 /* deneme3UITests */,
			);
		};
/* End PBXProject section */

/* Begin PBXResourcesBuildPhase section */
		1954AA7725E448E700EFFC25 /* Resources */ = {
			isa = PBXResourcesBuildPhase;
			buildActionMask = 2147483647;
			files = (
				1954AA8C25E448E900EFFC25 /* LaunchScreen.storyboard in Resources */,
				1954AA8925E448E900EFFC25 /* Assets.xcassets in Resources */,
				1954AA8425E448E700EFFC25 /* Main.storyboard in Resources */,
			);
			runOnlyForDeploymentPostprocessing = 0;
		};
		1954AA9025E448E900EFFC25 /* Resources */ = {
			isa = PBXResourcesBuildPhase;
			buildActionMask = 2147483647;
			files = (
			);
			runOnlyForDeploymentPostprocessing = 0;
		};
		1954AA9B25E448E900EFFC25 /* Resources */ = {
			isa = PBXResourcesBuildPhase;
			buildActionMask = 2147483647;
			files = (
			);
			runOnlyForDeploymentPostprocessing = 0;
		};
/* End PBXResourcesBuildPhase section */

/* Begin PBXSourcesBuildPhase section */
		1954AA7525E448E700EFFC25 /* Sources */ = {
			isa = PBXSourcesBuildPhase;
			buildActionMask = 2147483647;
			files = (
				1954AA8125E448E700EFFC25 /* ViewController.swift in Sources */,
				1954AA8725E448E700EFFC25 /* deneme3.xcdatamodeld in Sources */,
				1954AA7D25E448E700EFFC25 /* AppDelegate.swift in Sources */,
				19DF4D0C25E6E05000F15AE5 /* denemeler.swift in Sources */,
				1954AA7F25E448E700EFFC25 /* SceneDelegate.swift in Sources */,
				197DD13625E510C90097AF8D /* tablevc.swift in Sources */,
			);
			runOnlyForDeploymentPostprocessing = 0;
		};
		1954AA8E25E448E900EFFC25 /* Sources */ = {
			isa = PBXSourcesBuildPhase;
			buildActionMask = 2147483647;
			files = (
				1954AA9725E448E900EFFC25 /* deneme3Tests.swift in Sources */,
			);
			runOnlyForDeploymentPostprocessing = 0;
		};
		1954AA9925E448E900EFFC25 /* Sources */ = {
			isa = PBXSourcesBuildPhase;
			buildActionMask = 2147483647;
			files = (
				1954AAA225E448E900EFFC25 /* deneme3UITests.swift in Sources */,
			);
			runOnlyForDeploymentPostprocessing = 0;
		};
/* End PBXSourcesBuildPhase section */

/* Begin PBXTargetDependency section */
		1954AA9425E448E900EFFC25 /* PBXTargetDependency */ = {
			isa = PBXTargetDependency;
			target = 1954AA7825E448E700EFFC25 /* deneme3 */;
			targetProxy = 1954AA9325E448E900EFFC25 /* PBXContainerItemProxy */;
		};
		1954AA9F25E448E900EFFC25 /* PBXTargetDependency */ = {
			isa = PBXTargetDependency;
			target = 1954AA7825E448E700EFFC25 /* deneme3 */;
			targetProxy = 1954AA9E25E448E900EFFC25 /* PBXContainerItemProxy */;
		};
/* End PBXTargetDependency section */

/* Begin PBXVariantGroup section */
		1954AA8225E448E700EFFC25 /* Main.storyboard */ = {
			isa = PBXVariantGroup;
			children = (
				1954AA8325E448E700EFFC25 /* Base */,
			);
			name = Main.storyboard;
			sourceTree = "<group>";
		};
		1954AA8A25E448E900EFFC25 /* LaunchScreen.storyboard */ = {
			isa = PBXVariantGroup;
			children = (
				1954AA8B25E448E900EFFC25 /* Base */,
			);
			name = LaunchScreen.storyboard;
			sourceTree = "<group>";
		};
/* End PBXVariantGroup section */

/* Begin XCBuildConfiguration section */
		1954AAA425E448E900EFFC25 /* Debug */ = {
			isa = XCBuildConfiguration;
			buildSettings = {
				ALWAYS_SEARCH_USER_PATHS = NO;
				CLANG_ANALYZER_NONNULL = YES;
				CLANG_ANALYZER_NUMBER_OBJECT_CONVERSION = YES_AGGRESSIVE;
				CLANG_CXX_LANGUAGE_STANDARD = "gnu++14";
				CLANG_CXX_LIBRARY = "libc++";
				CLANG_ENABLE_MODULES = YES;
				CLANG_ENABLE_OBJC_ARC = YES;
				CLANG_ENABLE_OBJC_WEAK = YES;
				CLANG_WARN_BLOCK_CAPTURE_AUTORELEASING = YES;
				CLANG_WARN_BOOL_CONVERSION = YES;
				CLANG_WARN_COMMA = YES;
				CLANG_WARN_CONSTANT_CONVERSION = YES;
				CLANG_WARN_DEPRECATED_OBJC_IMPLEMENTATIONS = YES;
				CLANG_WARN_DIRECT_OBJC_ISA_USAGE = YES_ERROR;
				CLANG_WARN_DOCUMENTATION_COMMENTS = YES;
				CLANG_WARN_EMPTY_BODY = YES;
				CLANG_WARN_ENUM_CONVERSION = YES;
				CLANG_WARN_INFINITE_RECURSION = YES;
				CLANG_WARN_INT_CONVERSION = YES;
				CLANG_WARN_NON_LITERAL_NULL_CONVERSION = YES;
				CLANG_WARN_OBJC_IMPLICIT_RETAIN_SELF = YES;
				CLANG_WARN_OBJC_LITERAL_CONVERSION = YES;
				CLANG_WARN_OBJC_ROOT_CLASS = YES_ERROR;
				CLANG_WARN_RANGE_LOOP_ANALYSIS = YES;
				CLANG_WARN_STRICT_PROTOTYPES = YES;
				CLANG_WARN_SUSPICIOUS_MOVE = YES;
				CLANG_WARN_UNGUARDED_AVAILABILITY = YES_AGGRESSIVE;
				CLANG_WARN_UNREACHABLE_CODE = YES;
				CLANG_WARN__DUPLICATE_METHOD_MATCH = YES;
				COPY_PHASE_STRIP = NO;
				DEBUG_INFORMATION_FORMAT = dwarf;
				ENABLE_STRICT_OBJC_MSGSEND = YES;
				ENABLE_TESTABILITY = YES;
				GCC_C_LANGUAGE_STANDARD = gnu11;
				GCC_DYNAMIC_NO_PIC = NO;
				GCC_NO_COMMON_BLOCKS = YES;
				GCC_OPTIMIZATION_LEVEL = 0;
				GCC_PREPROCESSOR_DEFINITIONS = (
					"DEBUG=1",
					"$(inherited)",
				);
				GCC_WARN_64_TO_32_BIT_CONVERSION = YES;
				GCC_WARN_ABOUT_RETURN_TYPE = YES_ERROR;
				GCC_WARN_UNDECLARED_SELECTOR = YES;
				GCC_WARN_UNINITIALIZED_AUTOS = YES_AGGRESSIVE;
				GCC_WARN_UNUSED_FUNCTION = YES;
				GCC_WARN_UNUSED_VARIABLE = YES;
				IPHONEOS_DEPLOYMENT_TARGET = 13.2;
				MTL_ENABLE_DEBUG_INFO = INCLUDE_SOURCE;
				MTL_FAST_MATH = YES;
				ONLY_ACTIVE_ARCH = YES;
				SDKROOT = iphoneos;
				SWIFT_ACTIVE_COMPILATION_CONDITIONS = DEBUG;
				SWIFT_OPTIMIZATION_LEVEL = "-Onone";
			};
			name = Debug;
		};
		1954AAA525E448E900EFFC25 /* Release */ = {
			isa = XCBuildConfiguration;
			buildSettings = {
				ALWAYS_SEARCH_USER_PATHS = NO;
				CLANG_ANALYZER_NONNULL = YES;
				CLANG_ANALYZER_NUMBER_OBJECT_CONVERSION = YES_AGGRESSIVE;
				CLANG_CXX_LANGUAGE_STANDARD = "gnu++14";
				CLANG_CXX_LIBRARY = "libc++";
				CLANG_ENABLE_MODULES = YES;
				CLANG_ENABLE_OBJC_ARC = YES;
				CLANG_ENABLE_OBJC_WEAK = YES;
				CLANG_WARN_BLOCK_CAPTURE_AUTORELEASING = YES;
				CLANG_WARN_BOOL_CONVERSION = YES;
				CLANG_WARN_COMMA = YES;
				CLANG_WARN_CONSTANT_CONVERSION = YES;
				CLANG_WARN_DEPRECATED_OBJC_IMPLEMENTATIONS = YES;
				CLANG_WARN_DIRECT_OBJC_ISA_USAGE = YES_ERROR;
				CLANG_WARN_DOCUMENTATION_COMMENTS = YES;
				CLANG_WARN_EMPTY_BODY = YES;
				CLANG_WARN_ENUM_CONVERSION = YES;
				CLANG_WARN_INFINITE_RECURSION = YES;
				CLANG_WARN_INT_CONVERSION = YES;
				CLANG_WARN_NON_LITERAL_NULL_CONVERSION = YES;
				CLANG_WARN_OBJC_IMPLICIT_RETAIN_SELF = YES;
				CLANG_WARN_OBJC_LITERAL_CONVERSION = YES;
				CLANG_WARN_OBJC_ROOT_CLASS = YES_ERROR;
				CLANG_WARN_RANGE_LOOP_ANALYSIS = YES;
				CLANG_WARN_STRICT_PROTOTYPES = YES;
				CLANG_WARN_SUSPICIOUS_MOVE = YES;
				CLANG_WARN_UNGUARDED_AVAILABILITY = YES_AGGRESSIVE;
				CLANG_WARN_UNREACHABLE_CODE = YES;
				CLANG_WARN__DUPLICATE_METHOD_MATCH = YES;
				COPY_PHASE_STRIP = NO;
				DEBUG_INFORMATION_FORMAT = "dwarf-with-dsym";
				ENABLE_NS_ASSERTIONS = NO;
				ENABLE_STRICT_OBJC_MSGSEND = YES;
				GCC_C_LANGUAGE_STANDARD = gnu11;
				GCC_NO_COMMON_BLOCKS = YES;
				GCC_WARN_64_TO_32_BIT_CONVERSION = YES;
				GCC_WARN_ABOUT_RETURN_TYPE = YES_ERROR;
				GCC_WARN_UNDECLARED_SELECTOR = YES;
				GCC_WARN_UNINITIALIZED_AUTOS = YES_AGGRESSIVE;
				GCC_WARN_UNUSED_FUNCTION = YES;
				GCC_WARN_UNUSED_VARIABLE = YES;
				IPHONEOS_DEPLOYMENT_TARGET = 13.2;
				MTL_ENABLE_DEBUG_INFO = NO;
				MTL_FAST_MATH = YES;
				SDKROOT = iphoneos;
				SWIFT_COMPILATION_MODE = wholemodule;
				SWIFT_OPTIMIZATION_LEVEL = "-O";
				VALIDATE_PRODUCT = YES;
			};
			name = Release;
		};
		1954AAA725E448E900EFFC25 /* Debug */ = {
			isa = XCBuildConfiguration;
			buildSettings = {
				ASSETCATALOG_COMPILER_APPICON_NAME = AppIcon;
				CODE_SIGN_STYLE = Automatic;
				DEVELOPMENT_TEAM = 5XH8ZCD8UH;
				INFOPLIST_FILE = deneme3/Info.plist;
				IPHONEOS_DEPLOYMENT_TARGET = 13.2;
				LD_RUNPATH_SEARCH_PATHS = (
					"$(inherited)",
					"@executable_path/Frameworks",
				);
				PRODUCT_BUNDLE_IDENTIFIER = erdem.deneme3;
				PRODUCT_NAME = "$(TARGET_NAME)";
				SWIFT_VERSION = 5.0;
				TARGETED_DEVICE_FAMILY = "1,2";
			};
			name = Debug;
		};
		1954AAA825E448E900EFFC25 /* Release */ = {
			isa = XCBuildConfiguration;
			buildSettings = {
				ASSETCATALOG_COMPILER_APPICON_NAME = AppIcon;
				CODE_SIGN_STYLE = Automatic;
				DEVELOPMENT_TEAM = 5XH8ZCD8UH;
				INFOPLIST_FILE = deneme3/Info.plist;
				IPHONEOS_DEPLOYMENT_TARGET = 13.2;
				LD_RUNPATH_SEARCH_PATHS = (
					"$(inherited)",
					"@executable_path/Frameworks",
				);
				PRODUCT_BUNDLE_IDENTIFIER = erdem.deneme3;
				PRODUCT_NAME = "$(TARGET_NAME)";
				SWIFT_VERSION = 5.0;
				TARGETED_DEVICE_FAMILY = "1,2";
			};
			name = Release;
		};
		1954AAAA25E448E900EFFC25 /* Debug */ = {
			isa = XCBuildConfiguration;
			buildSettings = {
				ALWAYS_EMBED_SWIFT_STANDARD_LIBRARIES = YES;
				BUNDLE_LOADER = "$(TEST_HOST)";
				CODE_SIGN_STYLE = Automatic;
				DEVELOPMENT_TEAM = 5XH8ZCD8UH;
				INFOPLIST_FILE = deneme3Tests/Info.plist;
				IPHONEOS_DEPLOYMENT_TARGET = 13.2;
				LD_RUNPATH_SEARCH_PATHS = (
					"$(inherited)",
					"@executable_path/Frameworks",
					"@loader_path/Frameworks",
				);
				PRODUCT_BUNDLE_IDENTIFIER = erdem.deneme3Tests;
				PRODUCT_NAME = "$(TARGET_NAME)";
				SWIFT_VERSION = 5.0;
				TARGETED_DEVICE_FAMILY = "1,2";
				TEST_HOST = "$(BUILT_PRODUCTS_DIR)/deneme3.app/deneme3";
			};
			name = Debug;
		};
		1954AAAB25E448E900EFFC25 /* Release */ = {
			isa = XCBuildConfiguration;
			buildSettings = {
				ALWAYS_EMBED_SWIFT_STANDARD_LIBRARIES = YES;
				BUNDLE_LOADER = "$(TEST_HOST)";
				CODE_SIGN_STYLE = Automatic;
				DEVELOPMENT_TEAM = 5XH8ZCD8UH;
				INFOPLIST_FILE = deneme3Tests/Info.plist;
				IPHONEOS_DEPLOYMENT_TARGET = 13.2;
				LD_RUNPATH_SEARCH_PATHS = (
					"$(inherited)",
					"@executable_path/Frameworks",
					"@loader_path/Frameworks",
				);
				PRODUCT_BUNDLE_IDENTIFIER = erdem.deneme3Tests;
				PRODUCT_NAME = "$(TARGET_NAME)";
				SWIFT_VERSION = 5.0;
				TARGETED_DEVICE_FAMILY = "1,2";
				TEST_HOST = "$(BUILT_PRODUCTS_DIR)/deneme3.app/deneme3";
			};
			name = Release;
		};
		1954AAAD25E448E900EFFC25 /* Debug */ = {
			isa = XCBuildConfiguration;
			buildSettings = {
				ALWAYS_EMBED_SWIFT_STANDARD_LIBRARIES = YES;
				CODE_SIGN_STYLE = Automatic;
				DEVELOPMENT_TEAM = 5XH8ZCD8UH;
				INFOPLIST_FILE = deneme3UITests/Info.plist;
				LD_RUNPATH_SEARCH_PATHS = (
					"$(inherited)",
					"@executable_path/Frameworks",
					"@loader_path/Frameworks",
				);
				PRODUCT_BUNDLE_IDENTIFIER = erdem.deneme3UITests;
				PRODUCT_NAME = "$(TARGET_NAME)";
				SWIFT_VERSION = 5.0;
				TARGETED_DEVICE_FAMILY = "1,2";
				TEST_TARGET_NAME = deneme3;
			};
			name = Debug;
		};
		1954AAAE25E448E900EFFC25 /* Release */ = {
			isa = XCBuildConfiguration;
			buildSettings = {
				ALWAYS_EMBED_SWIFT_STANDARD_LIBRARIES = YES;
				CODE_SIGN_STYLE = Automatic;
				DEVELOPMENT_TEAM = 5XH8ZCD8UH;
				INFOPLIST_FILE = deneme3UITests/Info.plist;
				LD_RUNPATH_SEARCH_PATHS = (
					"$(inherited)",
					"@executable_path/Frameworks",
					"@loader_path/Frameworks",
				);
				PRODUCT_BUNDLE_IDENTIFIER = erdem.deneme3UITests;
				PRODUCT_NAME = "$(TARGET_NAME)";
				SWIFT_VERSION = 5.0;
				TARGETED_DEVICE_FAMILY = "1,2";
				TEST_TARGET_NAME = deneme3;
			};
			name = Release;
		};
/* End XCBuildConfiguration section */

/* Begin XCConfigurationList section */
		1954AA7425E448E700EFFC25 /* Build configuration list for PBXProject "deneme3" */ = {
			isa = XCConfigurationList;
			buildConfigurations = (
				1954AAA425E448E900EFFC25 /* Debug */,
				1954AAA525E448E900EFFC25 /* Release */,
			);
			defaultConfigurationIsVisible = 0;
			defaultConfigurationName = Release;
		};
		1954AAA625E448E900EFFC25 /* Build configuration list for PBXNativeTarget "deneme3" */ = {
			isa = XCConfigurationList;
			buildConfigurations = (
				1954AAA725E448E900EFFC25 /* Debug */,
				1954AAA825E448E900EFFC25 /* Release */,
			);
			defaultConfigurationIsVisible = 0;
			defaultConfigurationName = Release;
		};
		1954AAA925E448E900EFFC25 /* Build configuration list for PBXNativeTarget "deneme3Tests" */ = {
			isa = XCConfigurationList;
			buildConfigurations = (
				1954AAAA25E448E900EFFC25 /* Debug */,
				1954AAAB25E448E900EFFC25 /* Release */,
			);
			defaultConfigurationIsVisible = 0;
			defaultConfigurationName = Release;
		};
		1954AAAC25E448E900EFFC25 /* Build configuration list for PBXNativeTarget "deneme3UITests" */ = {
			isa = XCConfigurationList;
			buildConfigurations = (
				1954AAAD25E448E900EFFC25 /* Debug */,
				1954AAAE25E448E900EFFC25 /* Release */,
			);
			defaultConfigurationIsVisible = 0;
			defaultConfigurationName = Release;
		};
/* End XCConfigurationList section */

/* Begin XCVersionGroup section */
		1954AA8525E448E700EFFC25 /* deneme3.xcdatamodeld */ = {
			isa = XCVersionGroup;
			children = (
				1954AA8625E448E700EFFC25 /* deneme3.xcdatamodel */,
			);
			currentVersion = 1954AA8625E448E700EFFC25 /* deneme3.xcdatamodel */;
			path = deneme3.xcdatamodeld;
			sourceTree = "<group>";
			versionGroupType = wrapper.xcdatamodel;
		};
/* End XCVersionGroup section */
	};
	rootObject = 1954AA7125E448E700EFFC25 /* Project object */;
}
